
Microsoft Visual Studio Solution File, Format Version 12.00
# Visual Studio Version 17
VisualStudioVersion = 17.13.35931.197 d17.13
MinimumVisualStudioVersion = 10.0.40219.1
Project("{FAE04EC0-301F-11D3-BF4B-00C04F79EFBC}") = "DZ", "DZ\DZ.csproj", "{ADA795E0-8A9F-46B5-9A44-B1A904845A93}"
EndProject
Global
	GlobalSection(SolutionConfigurationPlatforms) = preSolution
		Debug|Any CPU = Debug|Any CPU
		Release|Any CPU = Release|Any CPU
	EndGlobalSection
	GlobalSection(ProjectConfigurationPlatforms) = postSolution
		{ADA795E0-8A9F-46B5-9A44-B1A904845A93}.Debug|Any CPU.ActiveCfg = Debug|Any CPU
		{ADA795E0-8A9F-46B5-9A44-B1A904845A93}.Debug|Any CPU.Build.0 = Debug|Any CPU
		{ADA795E0-8A9F-46B5-9A44-B1A904845A93}.Release|Any CPU.ActiveCfg = Release|Any CPU
		{ADA795E0-8A9F-46B5-9A44-B1A904845A93}.Release|Any CPU.Build.0 = Release|Any CPU
	EndGlobalSection
	GlobalSection(SolutionProperties) = preSolution
		HideSolutionNode = FALSE
	EndGlobalSection
	GlobalSection(ExtensibilityGlobals) = postSolution
		SolutionGuid = {94D6B26A-F30F-4704-BF5C-00C04A8F68F5}
	EndGlobalSection
EndGlobal
